
Microsoft Visual Studio Solution File, Format Version 12.00
# Visual Studio Version 17
VisualStudioVersion = 17.11.35312.102
MinimumVisualStudioVersion = 10.0.40219.1
Project("{FAE04EC0-301F-11D3-BF4B-00C04F79EFBC}") = "Lab-1", "Lab-1.csproj", "{ACC82EAF-050A-49B4-AAB0-6B579F3C1991}"
EndProject
Global
	GlobalSection(SolutionConfigurationPlatforms) = preSolution
		Debug|Any CPU = Debug|Any CPU
		Release|Any CPU = Release|Any CPU
	EndGlobalSection
	GlobalSection(ProjectConfigurationPlatforms) = postSolution
		{ACC82EAF-050A-49B4-AAB0-6B579F3C1991}.Debug|Any CPU.ActiveCfg = Debug|Any CPU
		{ACC82EAF-050A-49B4-AAB0-6B579F3C1991}.Debug|Any CPU.Build.0 = Debug|Any CPU
		{ACC82EAF-050A-49B4-AAB0-6B579F3C1991}.Release|Any CPU.ActiveCfg = Release|Any CPU
		{ACC82EAF-050A-49B4-AAB0-6B579F3C1991}.Release|Any CPU.Build.0 = Release|Any CPU
	EndGlobalSection
	GlobalSection(SolutionProperties) = preSolution
		HideSolutionNode = FALSE
	EndGlobalSection
	GlobalSection(ExtensibilityGlobals) = postSolution
		SolutionGuid = {4B1E9468-0E03-4BAD-9AA0-878CBBE87520}
	EndGlobalSection
EndGlobal
